// !$*UTF8*$!
{
	archiveVersion = 1;
	classes = {
	};
	objectVersion = 50;
	objects = {

/* Begin PBXBuildFile section */
		71C41753AE9CC3537B1AA747 /* Pods_OpenTokDemo.framework in Frameworks */ = {isa = PBXBuildFile; fileRef = 06F004CCE3D24C362F864109 /* Pods_OpenTokDemo.framework */; };
		F861C4EA2520545C007B177C /* AppDelegate.swift in Sources */ = {isa = PBXBuildFile; fileRef = F861C4E92520545C007B177C /* AppDelegate.swift */; };
		F861C4EC2520545C007B177C /* SceneDelegate.swift in Sources */ = {isa = PBXBuildFile; fileRef = F861C4EB2520545C007B177C /* SceneDelegate.swift */; };
		F861C4EE2520545C007B177C /* ViewController.swift in Sources */ = {isa = PBXBuildFile; fileRef = F861C4ED2520545C007B177C /* ViewController.swift */; };
		F861C4F12520545C007B177C /* Main.storyboard in Resources */ = {isa = PBXBuildFile; fileRef = F861C4EF2520545C007B177C /* Main.storyboard */; };
		F861C4F325205462007B177C /* Assets.xcassets in Resources */ = {isa = PBXBuildFile; fileRef = F861C4F225205462007B177C /* Assets.xcassets */; };
		F861C4F625205462007B177C /* LaunchScreen.storyboard in Resources */ = {isa = PBXBuildFile; fileRef = F861C4F425205462007B177C /* LaunchScreen.storyboard */; };
/* End PBXBuildFile section */

/* Begin PBXFileReference section */
		06F004CCE3D24C362F864109 /* Pods_OpenTokDemo.framework */ = {isa = PBXFileReference; explicitFileType = wrapper.framework; includeInIndex = 0; path = Pods_OpenTokDemo.framework; sourceTree = BUILT_PRODUCTS_DIR; };
		14FC0CFE913F547FD2790F66 /* Pods-OpenTokDemo.release.xcconfig */ = {isa = PBXFileReference; includeInIndex = 1; lastKnownFileType = text.xcconfig; name = "Pods-OpenTokDemo.release.xcconfig"; path = "Target Support Files/Pods-OpenTokDemo/Pods-OpenTokDemo.release.xcconfig"; sourceTree = "<group>"; };
		D0CBBC7B6C79988AAFB0CA5D /* Pods-OpenTokDemo.debug.xcconfig */ = {isa = PBXFileReference; includeInIndex = 1; lastKnownFileType = text.xcconfig; name = "Pods-OpenTokDemo.debug.xcconfig"; path = "Target Support Files/Pods-OpenTokDemo/Pods-OpenTokDemo.debug.xcconfig"; sourceTree = "<group>"; };
		F861C4E62520545C007B177C /* OpenTokDemo.app */ = {isa = PBXFileReference; explicitFileType = wrapper.application; includeInIndex = 0; path = OpenTokDemo.app; sourceTree = BUILT_PRODUCTS_DIR; };
		F861C4E92520545C007B177C /* AppDelegate.swift */ = {isa = PBXFileReference; lastKnownFileType = sourcecode.swift; path = AppDelegate.swift; sourceTree = "<group>"; };
		F861C4EB2520545C007B177C /* SceneDelegate.swift */ = {isa = PBXFileReference; lastKnownFileType = sourcecode.swift; path = SceneDelegate.swift; sourceTree = "<group>"; };
		F861C4ED2520545C007B177C /* ViewController.swift */ = {isa = PBXFileReference; lastKnownFileType = sourcecode.swift; path = ViewController.swift; sourceTree = "<group>"; };
		F861C4F02520545C007B177C /* Base */ = {isa = PBXFileReference; lastKnownFileType = file.storyboard; name = Base; path = Base.lproj/Main.storyboard; sourceTree = "<group>"; };
		F861C4F225205462007B177C /* Assets.xcassets */ = {isa = PBXFileReference; lastKnownFileType = folder.assetcatalog; path = Assets.xcassets; sourceTree = "<group>"; };
		F861C4F525205462007B177C /* Base */ = {isa = PBXFileReference; lastKnownFileType = file.storyboard; name = Base; path = Base.lproj/LaunchScreen.storyboard; sourceTree = "<group>"; };
		F861C4F725205462007B177C /* Info.plist */ = {isa = PBXFileReference; lastKnownFileType = text.plist.xml; path = Info.plist; sourceTree = "<group>"; };
/* End PBXFileReference section */

/* Begin PBXFrameworksBuildPhase section */
		F861C4E32520545C007B177C /* Frameworks */ = {
			isa = PBXFrameworksBuildPhase;
			buildActionMask = 2147483647;
			files = (
				71C41753AE9CC3537B1AA747 /* Pods_OpenTokDemo.framework in Frameworks */,
			);
			runOnlyForDeploymentPostprocessing = 0;
		};
/* End PBXFrameworksBuildPhase section */

/* Begin PBXGroup section */
		75FBAE505E9CA2CB72AC3CA3 /* Frameworks */ = {
			isa = PBXGroup;
			children = (
				06F004CCE3D24C362F864109 /* Pods_OpenTokDemo.framework */,
			);
			name = Frameworks;
			sourceTree = "<group>";
		};
		C4212BBE01B454539A4A89DB /* Pods */ = {
			isa = PBXGroup;
			children = (
				D0CBBC7B6C79988AAFB0CA5D /* Pods-OpenTokDemo.debug.xcconfig */,
				14FC0CFE913F547FD2790F66 /* Pods-OpenTokDemo.release.xcconfig */,
			);
			name = Pods;
			path = Pods;
			sourceTree = "<group>";
		};
		F861C4DD2520545C007B177C = {
			isa = PBXGroup;
			children = (
				F861C4E82520545C007B177C /* OpenTokDemo */,
				F861C4E72520545C007B177C /* Products */,
				C4212BBE01B454539A4A89DB /* Pods */,
				75FBAE505E9CA2CB72AC3CA3 /* Frameworks */,
			);
			sourceTree = "<group>";
		};
		F861C4E72520545C007B177C /* Products */ = {
			isa = PBXGroup;
			children = (
				F861C4E62520545C007B177C /* OpenTokDemo.app */,
			);
			name = Products;
			sourceTree = "<group>";
		};
		F861C4E82520545C007B177C /* OpenTokDemo */ = {
			isa = PBXGroup;
			children = (
				F861C4E92520545C007B177C /* AppDelegate.swift */,
				F861C4EB2520545C007B177C /* SceneDelegate.swift */,
				F861C4ED2520545C007B177C /* ViewController.swift */,
				F861C4EF2520545C007B177C /* Main.storyboard */,
				F861C4F225205462007B177C /* Assets.xcassets */,
				F861C4F425205462007B177C /* LaunchScreen.storyboard */,
				F861C4F725205462007B177C /* Info.plist */,
			);
			path = OpenTokDemo;
			sourceTree = "<group>";
		};
/* End PBXGroup section */

/* Begin PBXNativeTarget section */
		F861C4E52520545C007B177C /* OpenTokDemo */ = {
			isa = PBXNativeTarget;
			buildConfigurationList = F861C4FA25205462007B177C /* Build configuration list for PBXNativeTarget "OpenTokDemo" */;
			buildPhases = (
				B84EB4F950835B7E1C536246 /* [CP] Check Pods Manifest.lock */,
				F861C4E22520545C007B177C /* Sources */,
				F861C4E32520545C007B177C /* Frameworks */,
				F861C4E42520545C007B177C /* Resources */,
			);
			buildRules = (
			);
			dependencies = (
			);
			name = OpenTokDemo;
			productName = OpenTokDemo;
			productReference = F861C4E62520545C007B177C /* OpenTokDemo.app */;
			productType = "com.apple.product-type.application";
		};
/* End PBXNativeTarget section */

/* Begin PBXProject section */
		F861C4DE2520545C007B177C /* Project object */ = {
			isa = PBXProject;
			attributes = {
				LastSwiftUpdateCheck = 1170;
				LastUpgradeCheck = 1170;
				ORGANIZATIONNAME = "ahmed gado";
				TargetAttributes = {
					F861C4E52520545C007B177C = {
						CreatedOnToolsVersion = 11.7;
					};
				};
			};
			buildConfigurationList = F861C4E12520545C007B177C /* Build configuration list for PBXProject "OpenTokDemo" */;
			compatibilityVersion = "Xcode 9.3";
			developmentRegion = en;
			hasScannedForEncodings = 0;
			knownRegions = (
				en,
				Base,
			);
			mainGroup = F861C4DD2520545C007B177C;
			productRefGroup = F861C4E72520545C007B177C /* Products */;
			projectDirPath = "";
			projectRoot = "";
			targets = (
				F861C4E52520545C007B177C /* OpenTokDemo */,
			);
		};
/* End PBXProject section */

/* Begin PBXResourcesBuildPhase section */
		F861C4E42520545C007B177C /* Resources */ = {
			isa = PBXResourcesBuildPhase;
			buildActionMask = 2147483647;
			files = (
				F861C4F625205462007B177C /* LaunchScreen.storyboard in Resources */,
				F861C4F325205462007B177C /* Assets.xcassets in Resources */,
				F861C4F12520545C007B177C /* Main.storyboard in Resources */,
			);
			runOnlyForDeploymentPostprocessing = 0;
		};
/* End PBXResourcesBuildPhase section */

/* Begin PBXShellScriptBuildPhase section */
		B84EB4F950835B7E1C536246 /* [CP] Check Pods Manifest.lock */ = {
			isa = PBXShellScriptBuildPhase;
			buildActionMask = 2147483647;
			files = (
			);
			inputFileListPaths = (
			);
			inputPaths = (
				"${PODS_PODFILE_DIR_PATH}/Podfile.lock",
				"${PODS_ROOT}/Manifest.lock",
			);
			name = "[CP] Check Pods Manifest.lock";
			outputFileListPaths = (
			);
			outputPaths = (
				"$(DERIVED_FILE_DIR)/Pods-OpenTokDemo-checkManifestLockResult.txt",
			);
			runOnlyForDeploymentPostprocessing = 0;
			shellPath = /bin/sh;
			shellScript = "diff \"${PODS_PODFILE_DIR_PATH}/Podfile.lock\" \"${PODS_ROOT}/Manifest.lock\" > /dev/null\nif [ $? != 0 ] ; then\n    # print error to STDERR\n    echo \"error: The sandbox is not in sync with the Podfile.lock. Run 'pod install' or update your CocoaPods installation.\" >&2\n    exit 1\nfi\n# This output is used by Xcode 'outputs' to avoid re-running this script phase.\necho \"SUCCESS\" > \"${SCRIPT_OUTPUT_FILE_0}\"\n";
			showEnvVarsInLog = 0;
		};
/* End PBXShellScriptBuildPhase section */

/* Begin PBXSourcesBuildPhase section */
		F861C4E22520545C007B177C /* Sources */ = {
			isa = PBXSourcesBuildPhase;
			buildActionMask = 2147483647;
			files = (
				F861C4EE2520545C007B177C /* ViewController.swift in Sources */,
				F861C4EA2520545C007B177C /* AppDelegate.swift in Sources */,
				F861C4EC2520545C007B177C /* SceneDelegate.swift in Sources */,
			);
			runOnlyForDeploymentPostprocessing = 0;
		};
/* End PBXSourcesBuildPhase section */

/* Begin PBXVariantGroup section */
		F861C4EF2520545C007B177C /* Main.storyboard */ = {
			isa = PBXVariantGroup;
			children = (
				F861C4F02520545C007B177C /* Base */,
			);
			name = Main.storyboard;
			sourceTree = "<group>";
		};
		F861C4F425205462007B177C /* LaunchScreen.storyboard */ = {
			isa = PBXVariantGroup;
			children = (
				F861C4F525205462007B177C /* Base */,
			);
			name = LaunchScreen.storyboard;
			sourceTree = "<group>";
		};
/* End PBXVariantGroup section */

/* Begin XCBuildConfiguration section */
		F861C4F825205462007B177C /* Debug */ = {
			isa = XCBuildConfiguration;
			buildSettings = {
				ALWAYS_SEARCH_USER_PATHS = NO;
				CLANG_ANALYZER_NONNULL = YES;
				CLANG_ANALYZER_NUMBER_OBJECT_CONVERSION = YES_AGGRESSIVE;
				CLANG_CXX_LANGUAGE_STANDARD = "gnu++14";
				CLANG_CXX_LIBRARY = "libc++";
				CLANG_ENABLE_MODULES = YES;
				CLANG_ENABLE_OBJC_ARC = YES;
				CLANG_ENABLE_OBJC_WEAK = YES;
				CLANG_WARN_BLOCK_CAPTURE_AUTORELEASING = YES;
				CLANG_WARN_BOOL_CONVERSION = YES;
				CLANG_WARN_COMMA = YES;
				CLANG_WARN_CONSTANT_CONVERSION = YES;
				CLANG_WARN_DEPRECATED_OBJC_IMPLEMENTATIONS = YES;
				CLANG_WARN_DIRECT_OBJC_ISA_USAGE = YES_ERROR;
				CLANG_WARN_DOCUMENTATION_COMMENTS = YES;
				CLANG_WARN_EMPTY_BODY = YES;
				CLANG_WARN_ENUM_CONVERSION = YES;
				CLANG_WARN_INFINITE_RECURSION = YES;
				CLANG_WARN_INT_CONVERSION = YES;
				CLANG_WARN_NON_LITERAL_NULL_CONVERSION = YES;
				CLANG_WARN_OBJC_IMPLICIT_RETAIN_SELF = YES;
				CLANG_WARN_OBJC_LITERAL_CONVERSION = YES;
				CLANG_WARN_OBJC_ROOT_CLASS = YES_ERROR;
				CLANG_WARN_RANGE_LOOP_ANALYSIS = YES;
				CLANG_WARN_STRICT_PROTOTYPES = YES;
				CLANG_WARN_SUSPICIOUS_MOVE = YES;
				CLANG_WARN_UNGUARDED_AVAILABILITY = YES_AGGRESSIVE;
				CLANG_WARN_UNREACHABLE_CODE = YES;
				CLANG_WARN__DUPLICATE_METHOD_MATCH = YES;
				COPY_PHASE_STRIP = NO;
				DEBUG_INFORMATION_FORMAT = dwarf;
				ENABLE_STRICT_OBJC_MSGSEND = YES;
				ENABLE_TESTABILITY = YES;
				GCC_C_LANGUAGE_STANDARD = gnu11;
				GCC_DYNAMIC_NO_PIC = NO;
				GCC_NO_COMMON_BLOCKS = YES;
				GCC_OPTIMIZATION_LEVEL = 0;
				GCC_PREPROCESSOR_DEFINITIONS = (
					"DEBUG=1",
					"$(inherited)",
				);
				GCC_WARN_64_TO_32_BIT_CONVERSION = YES;
				GCC_WARN_ABOUT_RETURN_TYPE = YES_ERROR;
				GCC_WARN_UNDECLARED_SELECTOR = YES;
				GCC_WARN_UNINITIALIZED_AUTOS = YES_AGGRESSIVE;
				GCC_WARN_UNUSED_FUNCTION = YES;
				GCC_WARN_UNUSED_VARIABLE = YES;
				IPHONEOS_DEPLOYMENT_TARGET = 13.7;
				MTL_ENABLE_DEBUG_INFO = INCLUDE_SOURCE;
				MTL_FAST_MATH = YES;
				ONLY_ACTIVE_ARCH = YES;
				SDKROOT = iphoneos;
				SWIFT_ACTIVE_COMPILATION_CONDITIONS = DEBUG;
				SWIFT_OPTIMIZATION_LEVEL = "-Onone";
			};
			name = Debug;
		};
		F861C4F925205462007B177C /* Release */ = {
			isa = XCBuildConfiguration;
			buildSettings = {
				ALWAYS_SEARCH_USER_PATHS = NO;
				CLANG_ANALYZER_NONNULL = YES;
				CLANG_ANALYZER_NUMBER_OBJECT_CONVERSION = YES_AGGRESSIVE;
				CLANG_CXX_LANGUAGE_STANDARD = "gnu++14";
				CLANG_CXX_LIBRARY = "libc++";
				CLANG_ENABLE_MODULES = YES;
				CLANG_ENABLE_OBJC_ARC = YES;
				CLANG_ENABLE_OBJC_WEAK = YES;
				CLANG_WARN_BLOCK_CAPTURE_AUTORELEASING = YES;
				CLANG_WARN_BOOL_CONVERSION = YES;
				CLANG_WARN_COMMA = YES;
				CLANG_WARN_CONSTANT_CONVERSION = YES;
				CLANG_WARN_DEPRECATED_OBJC_IMPLEMENTATIONS = YES;
				CLANG_WARN_DIRECT_OBJC_ISA_USAGE = YES_ERROR;
				CLANG_WARN_DOCUMENTATION_COMMENTS = YES;
				CLANG_WARN_EMPTY_BODY = YES;
				CLANG_WARN_ENUM_CONVERSION = YES;
				CLANG_WARN_INFINITE_RECURSION = YES;
				CLANG_WARN_INT_CONVERSION = YES;
				CLANG_WARN_NON_LITERAL_NULL_CONVERSION = YES;
				CLANG_WARN_OBJC_IMPLICIT_RETAIN_SELF = YES;
				CLANG_WARN_OBJC_LITERAL_CONVERSION = YES;
				CLANG_WARN_OBJC_ROOT_CLASS = YES_ERROR;
				CLANG_WARN_RANGE_LOOP_ANALYSIS = YES;
				CLANG_WARN_STRICT_PROTOTYPES = YES;
				CLANG_WARN_SUSPICIOUS_MOVE = YES;
				CLANG_WARN_UNGUARDED_AVAILABILITY = YES_AGGRESSIVE;
				CLANG_WARN_UNREACHABLE_CODE = YES;
				CLANG_WARN__DUPLICATE_METHOD_MATCH = YES;
				COPY_PHASE_STRIP = NO;
				DEBUG_INFORMATION_FORMAT = "dwarf-with-dsym";
				ENABLE_NS_ASSERTIONS = NO;
				ENABLE_STRICT_OBJC_MSGSEND = YES;
				GCC_C_LANGUAGE_STANDARD = gnu11;
				GCC_NO_COMMON_BLOCKS = YES;
				GCC_WARN_64_TO_32_BIT_CONVERSION = YES;
				GCC_WARN_ABOUT_RETURN_TYPE = YES_ERROR;
				GCC_WARN_UNDECLARED_SELECTOR = YES;
				GCC_WARN_UNINITIALIZED_AUTOS = YES_AGGRESSIVE;
				GCC_WARN_UNUSED_FUNCTION = YES;
				GCC_WARN_UNUSED_VARIABLE = YES;
				IPHONEOS_DEPLOYMENT_TARGET = 13.7;
				MTL_ENABLE_DEBUG_INFO = NO;
				MTL_FAST_MATH = YES;
				SDKROOT = iphoneos;
				SWIFT_COMPILATION_MODE = wholemodule;
				SWIFT_OPTIMIZATION_LEVEL = "-O";
				VALIDATE_PRODUCT = YES;
			};
			name = Release;
		};
		F861C4FB25205462007B177C /* Debug */ = {
			isa = XCBuildConfiguration;
			baseConfigurationReference = D0CBBC7B6C79988AAFB0CA5D /* Pods-OpenTokDemo.debug.xcconfig */;
			buildSettings = {
				ASSETCATALOG_COMPILER_APPICON_NAME = AppIcon;
				CODE_SIGN_STYLE = Automatic;
				DEVELOPMENT_TEAM = PKEZ3U687Q;
				INFOPLIST_FILE = OpenTokDemo/Info.plist;
				LD_RUNPATH_SEARCH_PATHS = (
					"$(inherited)",
					"@executable_path/Frameworks",
				);
				PRODUCT_BUNDLE_IDENTIFIER = com.OpenTokDemo;
				PRODUCT_NAME = "$(TARGET_NAME)";
				SWIFT_VERSION = 5.0;
				TARGETED_DEVICE_FAMILY = "1,2";
			};
			name = Debug;
		};
		F861C4FC25205462007B177C /* Release */ = {
			isa = XCBuildConfiguration;
			baseConfigurationReference = 14FC0CFE913F547FD2790F66 /* Pods-OpenTokDemo.release.xcconfig */;
			buildSettings = {
				ASSETCATALOG_COMPILER_APPICON_NAME = AppIcon;
				CODE_SIGN_STYLE = Automatic;
				DEVELOPMENT_TEAM = PKEZ3U687Q;
				INFOPLIST_FILE = OpenTokDemo/Info.plist;
				LD_RUNPATH_SEARCH_PATHS = (
					"$(inherited)",
					"@executable_path/Frameworks",
				);
				PRODUCT_BUNDLE_IDENTIFIER = com.OpenTokDemo;
				PRODUCT_NAME = "$(TARGET_NAME)";
				SWIFT_VERSION = 5.0;
				TARGETED_DEVICE_FAMILY = "1,2";
			};
			name = Release;
		};
/* End XCBuildConfiguration section */

/* Begin XCConfigurationList section */
		F861C4E12520545C007B177C /* Build configuration list for PBXProject "OpenTokDemo" */ = {
			isa = XCConfigurationList;
			buildConfigurations = (
				F861C4F825205462007B177C /* Debug */,
				F861C4F925205462007B177C /* Release */,
			);
			defaultConfigurationIsVisible = 0;
			defaultConfigurationName = Release;
		};
		F861C4FA25205462007B177C /* Build configuration list for PBXNativeTarget "OpenTokDemo" */ = {
			isa = XCConfigurationList;
			buildConfigurations = (
				F861C4FB25205462007B177C /* Debug */,
				F861C4FC25205462007B177C /* Release */,
			);
			defaultConfigurationIsVisible = 0;
			defaultConfigurationName = Release;
		};
/* End XCConfigurationList section */
	};
	rootObject = F861C4DE2520545C007B177C /* Project object */;
}
